
Microsoft Visual Studio Solution File, Format Version 12.00
# Visual Studio 15
VisualStudioVersion = 15.0.27703.2000
MinimumVisualStudioVersion = 10.0.40219.1
Project("{FAE04EC0-301F-11D3-BF4B-00C04F79EFBC}") = "WalletWasabi.IndexBuilder", "WalletWasabi.IndexBuilder\WalletWasabi.IndexBuilder.csproj", "{96B7E461-0621-4FBC-BD15-0C4CB1A6A71A}"
EndProject
Global
	GlobalSection(SolutionConfigurationPlatforms) = preSolution
		Debug|Any CPU = Debug|Any CPU
		Release|Any CPU = Release|Any CPU
	EndGlobalSection
	GlobalSection(ProjectConfigurationPlatforms) = postSolution
		{96B7E461-0621-4FBC-BD15-0C4CB1A6A71A}.Debug|Any CPU.ActiveCfg = Debug|Any CPU
		{96B7E461-0621-4FBC-BD15-0C4CB1A6A71A}.Debug|Any CPU.Build.0 = Debug|Any CPU
		{96B7E461-0621-4FBC-BD15-0C4CB1A6A71A}.Release|Any CPU.ActiveCfg = Release|Any CPU
		{96B7E461-0621-4FBC-BD15-0C4CB1A6A71A}.Release|Any CPU.Build.0 = Release|Any CPU
	EndGlobalSection
	GlobalSection(SolutionProperties) = preSolution
		HideSolutionNode = FALSE
	EndGlobalSection
	GlobalSection(ExtensibilityGlobals) = postSolution
		SolutionGuid = {DF7328CF-1E34-4E21-A43C-9CA8D8688CCD}
	EndGlobalSection
EndGlobal
